
Microsoft Visual Studio Solution File, Format Version 12.00
# Visual Studio Version 17
VisualStudioVersion = 17.7.34221.43
MinimumVisualStudioVersion = 10.0.40219.1
Project("{FAE04EC0-301F-11D3-BF4B-00C04F79EFBC}") = "AVVNL_File_System", "AVVNL_File_System\AVVNL_File_System.csproj", "{975F7DC9-BD7D-41FB-AD98-A4EE81B3F979}"
EndProject
Global
	GlobalSection(SolutionConfigurationPlatforms) = preSolution
		Debug|Any CPU = Debug|Any CPU
		Release|Any CPU = Release|Any CPU
	EndGlobalSection
	GlobalSection(ProjectConfigurationPlatforms) = postSolution
		{975F7DC9-BD7D-41FB-AD98-A4EE81B3F979}.Debug|Any CPU.ActiveCfg = Debug|Any CPU
		{975F7DC9-BD7D-41FB-AD98-A4EE81B3F979}.Debug|Any CPU.Build.0 = Debug|Any CPU
		{975F7DC9-BD7D-41FB-AD98-A4EE81B3F979}.Release|Any CPU.ActiveCfg = Release|Any CPU
		{975F7DC9-BD7D-41FB-AD98-A4EE81B3F979}.Release|Any CPU.Build.0 = Release|Any CPU
	EndGlobalSection
	GlobalSection(SolutionProperties) = preSolution
		HideSolutionNode = FALSE
	EndGlobalSection
	GlobalSection(ExtensibilityGlobals) = postSolution
		SolutionGuid = {794A144A-5C74-452F-9FCE-E5E5277645E2}
	EndGlobalSection
EndGlobal
